
Microsoft Visual Studio Solution File, Format Version 12.00
# Visual Studio 14
VisualStudioVersion = 14.0.25420.1
MinimumVisualStudioVersion = 10.0.40219.1
Project("{FAE04EC0-301F-11D3-BF4B-00C04F79EFBC}") = "ViewConsole", "ViewConsole\ViewConsole.csproj", "{A6AA7954-CCD7-4D3A-9B72-3259DCC45778}"
EndProject
Project("{FAE04EC0-301F-11D3-BF4B-00C04F79EFBC}") = "Persistence", "Persistence\Persistence.csproj", "{BF567A52-14B3-4FD9-BCA7-8FAC002E9956}"
EndProject
Project("{2150E333-8FDC-42A3-9474-1A3956D46DE8}") = "Documentation", "Documentation", "{DF7862A6-9030-47ED-BF76-32088BF57D0B}"
	ProjectSection(SolutionItems) = preProject
		CHANGELOG.md = CHANGELOG.md
		LICENSE = LICENSE
		README.md = README.md
	EndProjectSection
EndProject
Global
	GlobalSection(SolutionConfigurationPlatforms) = preSolution
		Debug|Any CPU = Debug|Any CPU
		Release|Any CPU = Release|Any CPU
	EndGlobalSection
	GlobalSection(ProjectConfigurationPlatforms) = postSolution
		{A6AA7954-CCD7-4D3A-9B72-3259DCC45778}.Debug|Any CPU.ActiveCfg = Debug|Any CPU
		{A6AA7954-CCD7-4D3A-9B72-3259DCC45778}.Debug|Any CPU.Build.0 = Debug|Any CPU
		{A6AA7954-CCD7-4D3A-9B72-3259DCC45778}.Release|Any CPU.ActiveCfg = Release|Any CPU
		{A6AA7954-CCD7-4D3A-9B72-3259DCC45778}.Release|Any CPU.Build.0 = Release|Any CPU
		{BF567A52-14B3-4FD9-BCA7-8FAC002E9956}.Debug|Any CPU.ActiveCfg = Debug|Any CPU
		{BF567A52-14B3-4FD9-BCA7-8FAC002E9956}.Debug|Any CPU.Build.0 = Debug|Any CPU
		{BF567A52-14B3-4FD9-BCA7-8FAC002E9956}.Release|Any CPU.ActiveCfg = Release|Any CPU
		{BF567A52-14B3-4FD9-BCA7-8FAC002E9956}.Release|Any CPU.Build.0 = Release|Any CPU
	EndGlobalSection
	GlobalSection(SolutionProperties) = preSolution
		HideSolutionNode = FALSE
	EndGlobalSection
EndGlobal
